// !$*UTF8*$!
{
	archiveVersion = 1;
	classes = {
	};
	objectVersion = 56;
	objects = {

/* Begin PBXBuildFile section */
		07594B65974122B5DB5F63AB /* libPods-WristNews Watch App.a in Frameworks */ = {isa = PBXBuildFile; fileRef = B0174B5242339F8CBF5B8FC8 /* libPods-WristNews Watch App.a */; };
		5D10947BDE249739A99EA2D0 /* libPods-WristNews Watch AppTests.a in Frameworks */ = {isa = PBXBuildFile; fileRef = 86C03BE328441F1A74C42138 /* libPods-WristNews Watch AppTests.a */; };
		936998A241F62FA0215F2798 /* libPods-WristNews-WristNews Watch AppUITests.a in Frameworks */ = {isa = PBXBuildFile; fileRef = 9401BD8916FD41D1FD90602F /* libPods-WristNews-WristNews Watch AppUITests.a */; };
		E3C560412A49EF9B00F5B953 /* ArticleRow.swift in Sources */ = {isa = PBXBuildFile; fileRef = E3C560402A49EF9B00F5B953 /* ArticleRow.swift */; };
		E3C560442A49F14D00F5B953 /* ArticleFetcher.swift in Sources */ = {isa = PBXBuildFile; fileRef = E3C560432A49F14D00F5B953 /* ArticleFetcher.swift */; };
		E3C560462A49F83E00F5B953 /* ArticleDetail.swift in Sources */ = {isa = PBXBuildFile; fileRef = E3C560452A49F83E00F5B953 /* ArticleDetail.swift */; };
		E3F716B92A48A38B0058CC26 /* WristNewsApp.swift in Sources */ = {isa = PBXBuildFile; fileRef = E3F716B82A48A38B0058CC26 /* WristNewsApp.swift */; };
		E3F716BB2A48A38B0058CC26 /* ContentView.swift in Sources */ = {isa = PBXBuildFile; fileRef = E3F716BA2A48A38B0058CC26 /* ContentView.swift */; };
		E3F716BD2A48A38C0058CC26 /* Assets.xcassets in Resources */ = {isa = PBXBuildFile; fileRef = E3F716BC2A48A38C0058CC26 /* Assets.xcassets */; };
		E3F716C02A48A38C0058CC26 /* Preview Assets.xcassets in Resources */ = {isa = PBXBuildFile; fileRef = E3F716BF2A48A38C0058CC26 /* Preview Assets.xcassets */; };
		E3F716CA2A48A38C0058CC26 /* WristNews_Watch_AppTests.swift in Sources */ = {isa = PBXBuildFile; fileRef = E3F716C92A48A38C0058CC26 /* WristNews_Watch_AppTests.swift */; };
		E3F716D42A48A38C0058CC26 /* WristNews_Watch_AppUITests.swift in Sources */ = {isa = PBXBuildFile; fileRef = E3F716D32A48A38C0058CC26 /* WristNews_Watch_AppUITests.swift */; };
		E3F716D62A48A38C0058CC26 /* WristNews_Watch_AppUITestsLaunchTests.swift in Sources */ = {isa = PBXBuildFile; fileRef = E3F716D52A48A38C0058CC26 /* WristNews_Watch_AppUITestsLaunchTests.swift */; };
		E3F716E72A48A4390058CC26 /* ArticlesView.swift in Sources */ = {isa = PBXBuildFile; fileRef = E3F716E62A48A4390058CC26 /* ArticlesView.swift */; };
		E3F716EB2A48A4720058CC26 /* Article.swift in Sources */ = {isa = PBXBuildFile; fileRef = E3F716EA2A48A4720058CC26 /* Article.swift */; };
/* End PBXBuildFile section */

/* Begin PBXContainerItemProxy section */
		E3F716C62A48A38C0058CC26 /* PBXContainerItemProxy */ = {
			isa = PBXContainerItemProxy;
			containerPortal = E3F716A72A48A38B0058CC26 /* Project object */;
			proxyType = 1;
			remoteGlobalIDString = E3F716B22A48A38B0058CC26;
			remoteInfo = "WristNews Watch App";
		};
		E3F716D02A48A38C0058CC26 /* PBXContainerItemProxy */ = {
			isa = PBXContainerItemProxy;
			containerPortal = E3F716A72A48A38B0058CC26 /* Project object */;
			proxyType = 1;
			remoteGlobalIDString = E3F716B22A48A38B0058CC26;
			remoteInfo = "WristNews Watch App";
		};
/* End PBXContainerItemProxy section */

/* Begin PBXFileReference section */
		1F7C9EB424DE3A3A51D891FB /* Pods-WristNews-WristNews Watch AppUITests.debug.xcconfig */ = {isa = PBXFileReference; includeInIndex = 1; lastKnownFileType = text.xcconfig; name = "Pods-WristNews-WristNews Watch AppUITests.debug.xcconfig"; path = "Target Support Files/Pods-WristNews-WristNews Watch AppUITests/Pods-WristNews-WristNews Watch AppUITests.debug.xcconfig"; sourceTree = "<group>"; };
		29078B35F89C7CDFE8C84983 /* Pods-WristNews Watch AppTests.debug.xcconfig */ = {isa = PBXFileReference; includeInIndex = 1; lastKnownFileType = text.xcconfig; name = "Pods-WristNews Watch AppTests.debug.xcconfig"; path = "Target Support Files/Pods-WristNews Watch AppTests/Pods-WristNews Watch AppTests.debug.xcconfig"; sourceTree = "<group>"; };
		457C8599D651F5B9A932FDF3 /* Pods-WristNews.debug.xcconfig */ = {isa = PBXFileReference; includeInIndex = 1; lastKnownFileType = text.xcconfig; name = "Pods-WristNews.debug.xcconfig"; path = "Target Support Files/Pods-WristNews/Pods-WristNews.debug.xcconfig"; sourceTree = "<group>"; };
		70C87CA585CBFC3E1F3E99C8 /* libPods-WristNews.a */ = {isa = PBXFileReference; explicitFileType = archive.ar; includeInIndex = 0; path = "libPods-WristNews.a"; sourceTree = BUILT_PRODUCTS_DIR; };
		814E3808E6D105931A8D7829 /* Pods-WristNews.release.xcconfig */ = {isa = PBXFileReference; includeInIndex = 1; lastKnownFileType = text.xcconfig; name = "Pods-WristNews.release.xcconfig"; path = "Target Support Files/Pods-WristNews/Pods-WristNews.release.xcconfig"; sourceTree = "<group>"; };
		86C03BE328441F1A74C42138 /* libPods-WristNews Watch AppTests.a */ = {isa = PBXFileReference; explicitFileType = archive.ar; includeInIndex = 0; path = "libPods-WristNews Watch AppTests.a"; sourceTree = BUILT_PRODUCTS_DIR; };
		9401BD8916FD41D1FD90602F /* libPods-WristNews-WristNews Watch AppUITests.a */ = {isa = PBXFileReference; explicitFileType = archive.ar; includeInIndex = 0; path = "libPods-WristNews-WristNews Watch AppUITests.a"; sourceTree = BUILT_PRODUCTS_DIR; };
		958F7131D511845385BF2215 /* Pods-WristNews-WristNews Watch AppUITests.release.xcconfig */ = {isa = PBXFileReference; includeInIndex = 1; lastKnownFileType = text.xcconfig; name = "Pods-WristNews-WristNews Watch AppUITests.release.xcconfig"; path = "Target Support Files/Pods-WristNews-WristNews Watch AppUITests/Pods-WristNews-WristNews Watch AppUITests.release.xcconfig"; sourceTree = "<group>"; };
		B0174B5242339F8CBF5B8FC8 /* libPods-WristNews Watch App.a */ = {isa = PBXFileReference; explicitFileType = archive.ar; includeInIndex = 0; path = "libPods-WristNews Watch App.a"; sourceTree = BUILT_PRODUCTS_DIR; };
		B286B68558E0418A2BDD7938 /* Pods-WristNews Watch App.release.xcconfig */ = {isa = PBXFileReference; includeInIndex = 1; lastKnownFileType = text.xcconfig; name = "Pods-WristNews Watch App.release.xcconfig"; path = "Target Support Files/Pods-WristNews Watch App/Pods-WristNews Watch App.release.xcconfig"; sourceTree = "<group>"; };
		B2ECF6C048ECD43C2E330C00 /* Pods-WristNews Watch AppTests.release.xcconfig */ = {isa = PBXFileReference; includeInIndex = 1; lastKnownFileType = text.xcconfig; name = "Pods-WristNews Watch AppTests.release.xcconfig"; path = "Target Support Files/Pods-WristNews Watch AppTests/Pods-WristNews Watch AppTests.release.xcconfig"; sourceTree = "<group>"; };
		B3DFC29CE4A0FD7FE2C553FE /* Pods-WristNews Watch App.debug.xcconfig */ = {isa = PBXFileReference; includeInIndex = 1; lastKnownFileType = text.xcconfig; name = "Pods-WristNews Watch App.debug.xcconfig"; path = "Target Support Files/Pods-WristNews Watch App/Pods-WristNews Watch App.debug.xcconfig"; sourceTree = "<group>"; };
		E3C560402A49EF9B00F5B953 /* ArticleRow.swift */ = {isa = PBXFileReference; lastKnownFileType = sourcecode.swift; path = ArticleRow.swift; sourceTree = "<group>"; };
		E3C560432A49F14D00F5B953 /* ArticleFetcher.swift */ = {isa = PBXFileReference; lastKnownFileType = sourcecode.swift; path = ArticleFetcher.swift; sourceTree = "<group>"; };
		E3C560452A49F83E00F5B953 /* ArticleDetail.swift */ = {isa = PBXFileReference; lastKnownFileType = sourcecode.swift; path = ArticleDetail.swift; sourceTree = "<group>"; };
		E3F716B32A48A38B0058CC26 /* WristNews Watch App.app */ = {isa = PBXFileReference; explicitFileType = wrapper.application; includeInIndex = 0; path = "WristNews Watch App.app"; sourceTree = BUILT_PRODUCTS_DIR; };
		E3F716B82A48A38B0058CC26 /* WristNewsApp.swift */ = {isa = PBXFileReference; lastKnownFileType = sourcecode.swift; path = WristNewsApp.swift; sourceTree = "<group>"; };
		E3F716BA2A48A38B0058CC26 /* ContentView.swift */ = {isa = PBXFileReference; lastKnownFileType = sourcecode.swift; path = ContentView.swift; sourceTree = "<group>"; };
		E3F716BC2A48A38C0058CC26 /* Assets.xcassets */ = {isa = PBXFileReference; lastKnownFileType = folder.assetcatalog; path = Assets.xcassets; sourceTree = "<group>"; };
		E3F716BF2A48A38C0058CC26 /* Preview Assets.xcassets */ = {isa = PBXFileReference; lastKnownFileType = folder.assetcatalog; path = "Preview Assets.xcassets"; sourceTree = "<group>"; };
		E3F716C52A48A38C0058CC26 /* WristNews Watch AppTests.xctest */ = {isa = PBXFileReference; explicitFileType = wrapper.cfbundle; includeInIndex = 0; path = "WristNews Watch AppTests.xctest"; sourceTree = BUILT_PRODUCTS_DIR; };
		E3F716C92A48A38C0058CC26 /* WristNews_Watch_AppTests.swift */ = {isa = PBXFileReference; lastKnownFileType = sourcecode.swift; path = WristNews_Watch_AppTests.swift; sourceTree = "<group>"; };
		E3F716CF2A48A38C0058CC26 /* WristNews Watch AppUITests.xctest */ = {isa = PBXFileReference; explicitFileType = wrapper.cfbundle; includeInIndex = 0; path = "WristNews Watch AppUITests.xctest"; sourceTree = BUILT_PRODUCTS_DIR; };
		E3F716D32A48A38C0058CC26 /* WristNews_Watch_AppUITests.swift */ = {isa = PBXFileReference; lastKnownFileType = sourcecode.swift; path = WristNews_Watch_AppUITests.swift; sourceTree = "<group>"; };
		E3F716D52A48A38C0058CC26 /* WristNews_Watch_AppUITestsLaunchTests.swift */ = {isa = PBXFileReference; lastKnownFileType = sourcecode.swift; path = WristNews_Watch_AppUITestsLaunchTests.swift; sourceTree = "<group>"; };
		E3F716E62A48A4390058CC26 /* ArticlesView.swift */ = {isa = PBXFileReference; lastKnownFileType = sourcecode.swift; path = ArticlesView.swift; sourceTree = "<group>"; };
		E3F716EA2A48A4720058CC26 /* Article.swift */ = {isa = PBXFileReference; lastKnownFileType = sourcecode.swift; path = Article.swift; sourceTree = "<group>"; };
/* End PBXFileReference section */

/* Begin PBXFrameworksBuildPhase section */
		E3F716B02A48A38B0058CC26 /* Frameworks */ = {
			isa = PBXFrameworksBuildPhase;
			buildActionMask = 2147483647;
			files = (
				07594B65974122B5DB5F63AB /* libPods-WristNews Watch App.a in Frameworks */,
			);
			runOnlyForDeploymentPostprocessing = 0;
		};
		E3F716C22A48A38C0058CC26 /* Frameworks */ = {
			isa = PBXFrameworksBuildPhase;
			buildActionMask = 2147483647;
			files = (
				5D10947BDE249739A99EA2D0 /* libPods-WristNews Watch AppTests.a in Frameworks */,
			);
			runOnlyForDeploymentPostprocessing = 0;
		};
		E3F716CC2A48A38C0058CC26 /* Frameworks */ = {
			isa = PBXFrameworksBuildPhase;
			buildActionMask = 2147483647;
			files = (
				936998A241F62FA0215F2798 /* libPods-WristNews-WristNews Watch AppUITests.a in Frameworks */,
			);
			runOnlyForDeploymentPostprocessing = 0;
		};
/* End PBXFrameworksBuildPhase section */

/* Begin PBXGroup section */
		E3C560422A49F13F00F5B953 /* Service */ = {
			isa = PBXGroup;
			children = (
				E3C560432A49F14D00F5B953 /* ArticleFetcher.swift */,
			);
			path = Service;
			sourceTree = "<group>";
		};
		E3F716A62A48A38B0058CC26 = {
			isa = PBXGroup;
			children = (
				E3F716B72A48A38B0058CC26 /* WristNews Watch App */,
				E3F716C82A48A38C0058CC26 /* WristNews Watch AppTests */,
				E3F716D22A48A38C0058CC26 /* WristNews Watch AppUITests */,
				E3F716AE2A48A38B0058CC26 /* Products */,
				E89FF9BBE98B279648E2E9E8 /* Pods */,
				F25FD6D776659BC092046364 /* Frameworks */,
			);
			sourceTree = "<group>";
		};
		E3F716AE2A48A38B0058CC26 /* Products */ = {
			isa = PBXGroup;
			children = (
				E3F716B32A48A38B0058CC26 /* WristNews Watch App.app */,
				E3F716C52A48A38C0058CC26 /* WristNews Watch AppTests.xctest */,
				E3F716CF2A48A38C0058CC26 /* WristNews Watch AppUITests.xctest */,
			);
			name = Products;
			sourceTree = "<group>";
		};
		E3F716B72A48A38B0058CC26 /* WristNews Watch App */ = {
			isa = PBXGroup;
			children = (
				E3C560422A49F13F00F5B953 /* Service */,
				E3F716E92A48A4670058CC26 /* Model */,
				E3F716E82A48A4590058CC26 /* View */,
				E3F716B82A48A38B0058CC26 /* WristNewsApp.swift */,
				E3F716BC2A48A38C0058CC26 /* Assets.xcassets */,
				E3F716BE2A48A38C0058CC26 /* Preview Content */,
			);
			path = "WristNews Watch App";
			sourceTree = "<group>";
		};
		E3F716BE2A48A38C0058CC26 /* Preview Content */ = {
			isa = PBXGroup;
			children = (
				E3F716BF2A48A38C0058CC26 /* Preview Assets.xcassets */,
			);
			path = "Preview Content";
			sourceTree = "<group>";
		};
		E3F716C82A48A38C0058CC26 /* WristNews Watch AppTests */ = {
			isa = PBXGroup;
			children = (
				E3F716C92A48A38C0058CC26 /* WristNews_Watch_AppTests.swift */,
			);
			path = "WristNews Watch AppTests";
			sourceTree = "<group>";
		};
		E3F716D22A48A38C0058CC26 /* WristNews Watch AppUITests */ = {
			isa = PBXGroup;
			children = (
				E3F716D32A48A38C0058CC26 /* WristNews_Watch_AppUITests.swift */,
				E3F716D52A48A38C0058CC26 /* WristNews_Watch_AppUITestsLaunchTests.swift */,
			);
			path = "WristNews Watch AppUITests";
			sourceTree = "<group>";
		};
		E3F716E82A48A4590058CC26 /* View */ = {
			isa = PBXGroup;
			children = (
				E3F716BA2A48A38B0058CC26 /* ContentView.swift */,
				E3F716E62A48A4390058CC26 /* ArticlesView.swift */,
				E3C560402A49EF9B00F5B953 /* ArticleRow.swift */,
				E3C560452A49F83E00F5B953 /* ArticleDetail.swift */,
			);
			path = View;
			sourceTree = "<group>";
		};
		E3F716E92A48A4670058CC26 /* Model */ = {
			isa = PBXGroup;
			children = (
				E3F716EA2A48A4720058CC26 /* Article.swift */,
			);
			path = Model;
			sourceTree = "<group>";
		};
		E89FF9BBE98B279648E2E9E8 /* Pods */ = {
			isa = PBXGroup;
			children = (
				457C8599D651F5B9A932FDF3 /* Pods-WristNews.debug.xcconfig */,
				814E3808E6D105931A8D7829 /* Pods-WristNews.release.xcconfig */,
				B3DFC29CE4A0FD7FE2C553FE /* Pods-WristNews Watch App.debug.xcconfig */,
				B286B68558E0418A2BDD7938 /* Pods-WristNews Watch App.release.xcconfig */,
				29078B35F89C7CDFE8C84983 /* Pods-WristNews Watch AppTests.debug.xcconfig */,
				B2ECF6C048ECD43C2E330C00 /* Pods-WristNews Watch AppTests.release.xcconfig */,
				1F7C9EB424DE3A3A51D891FB /* Pods-WristNews-WristNews Watch AppUITests.debug.xcconfig */,
				958F7131D511845385BF2215 /* Pods-WristNews-WristNews Watch AppUITests.release.xcconfig */,
			);
			path = Pods;
			sourceTree = "<group>";
		};
		F25FD6D776659BC092046364 /* Frameworks */ = {
			isa = PBXGroup;
			children = (
				70C87CA585CBFC3E1F3E99C8 /* libPods-WristNews.a */,
				B0174B5242339F8CBF5B8FC8 /* libPods-WristNews Watch App.a */,
				86C03BE328441F1A74C42138 /* libPods-WristNews Watch AppTests.a */,
				9401BD8916FD41D1FD90602F /* libPods-WristNews-WristNews Watch AppUITests.a */,
			);
			name = Frameworks;
			sourceTree = "<group>";
		};
/* End PBXGroup section */

/* Begin PBXNativeTarget section */
		E3F716B22A48A38B0058CC26 /* WristNews Watch App */ = {
			isa = PBXNativeTarget;
			buildConfigurationList = E3F716D92A48A38C0058CC26 /* Build configuration list for PBXNativeTarget "WristNews Watch App" */;
			buildPhases = (
				95772B65D4088FE0B23EA7F3 /* [CP] Check Pods Manifest.lock */,
				E3F716AF2A48A38B0058CC26 /* Sources */,
				E3F716B02A48A38B0058CC26 /* Frameworks */,
				E3F716B12A48A38B0058CC26 /* Resources */,
			);
			buildRules = (
			);
			dependencies = (
			);
			name = "WristNews Watch App";
			productName = "WristNews Watch App";
			productReference = E3F716B32A48A38B0058CC26 /* WristNews Watch App.app */;
			productType = "com.apple.product-type.application";
		};
		E3F716C42A48A38C0058CC26 /* WristNews Watch AppTests */ = {
			isa = PBXNativeTarget;
			buildConfigurationList = E3F716E02A48A38C0058CC26 /* Build configuration list for PBXNativeTarget "WristNews Watch AppTests" */;
			buildPhases = (
				8BE5629F304A05B4951A9A31 /* [CP] Check Pods Manifest.lock */,
				E3F716C12A48A38C0058CC26 /* Sources */,
				E3F716C22A48A38C0058CC26 /* Frameworks */,
				E3F716C32A48A38C0058CC26 /* Resources */,
			);
			buildRules = (
			);
			dependencies = (
				E3F716C72A48A38C0058CC26 /* PBXTargetDependency */,
			);
			name = "WristNews Watch AppTests";
			productName = "WristNews Watch AppTests";
			productReference = E3F716C52A48A38C0058CC26 /* WristNews Watch AppTests.xctest */;
			productType = "com.apple.product-type.bundle.unit-test";
		};
		E3F716CE2A48A38C0058CC26 /* WristNews Watch AppUITests */ = {
			isa = PBXNativeTarget;
			buildConfigurationList = E3F716E32A48A38C0058CC26 /* Build configuration list for PBXNativeTarget "WristNews Watch AppUITests" */;
			buildPhases = (
				47D47B4983AC60BDBFF75344 /* [CP] Check Pods Manifest.lock */,
				E3F716CB2A48A38C0058CC26 /* Sources */,
				E3F716CC2A48A38C0058CC26 /* Frameworks */,
				E3F716CD2A48A38C0058CC26 /* Resources */,
			);
			buildRules = (
			);
			dependencies = (
				E3F716D12A48A38C0058CC26 /* PBXTargetDependency */,
			);
			name = "WristNews Watch AppUITests";
			productName = "WristNews Watch AppUITests";
			productReference = E3F716CF2A48A38C0058CC26 /* WristNews Watch AppUITests.xctest */;
			productType = "com.apple.product-type.bundle.ui-testing";
		};
/* End PBXNativeTarget section */

/* Begin PBXProject section */
		E3F716A72A48A38B0058CC26 /* Project object */ = {
			isa = PBXProject;
			attributes = {
				BuildIndependentTargetsInParallel = 1;
				LastSwiftUpdateCheck = 1430;
				LastUpgradeCheck = 1430;
				TargetAttributes = {
					E3F716B22A48A38B0058CC26 = {
						CreatedOnToolsVersion = 14.3.1;
					};
					E3F716C42A48A38C0058CC26 = {
						CreatedOnToolsVersion = 14.3.1;
						TestTargetID = E3F716B22A48A38B0058CC26;
					};
					E3F716CE2A48A38C0058CC26 = {
						CreatedOnToolsVersion = 14.3.1;
						TestTargetID = E3F716B22A48A38B0058CC26;
					};
				};
			};
			buildConfigurationList = E3F716AA2A48A38B0058CC26 /* Build configuration list for PBXProject "WristNews" */;
			compatibilityVersion = "Xcode 14.0";
			developmentRegion = en;
			hasScannedForEncodings = 0;
			knownRegions = (
				en,
				Base,
			);
			mainGroup = E3F716A62A48A38B0058CC26;
			productRefGroup = E3F716AE2A48A38B0058CC26 /* Products */;
			projectDirPath = "";
			projectRoot = "";
			targets = (
				E3F716B22A48A38B0058CC26 /* WristNews Watch App */,
				E3F716C42A48A38C0058CC26 /* WristNews Watch AppTests */,
				E3F716CE2A48A38C0058CC26 /* WristNews Watch AppUITests */,
			);
		};
/* End PBXProject section */

/* Begin PBXResourcesBuildPhase section */
		E3F716B12A48A38B0058CC26 /* Resources */ = {
			isa = PBXResourcesBuildPhase;
			buildActionMask = 2147483647;
			files = (
				E3F716C02A48A38C0058CC26 /* Preview Assets.xcassets in Resources */,
				E3F716BD2A48A38C0058CC26 /* Assets.xcassets in Resources */,
			);
			runOnlyForDeploymentPostprocessing = 0;
		};
		E3F716C32A48A38C0058CC26 /* Resources */ = {
			isa = PBXResourcesBuildPhase;
			buildActionMask = 2147483647;
			files = (
			);
			runOnlyForDeploymentPostprocessing = 0;
		};
		E3F716CD2A48A38C0058CC26 /* Resources */ = {
			isa = PBXResourcesBuildPhase;
			buildActionMask = 2147483647;
			files = (
			);
			runOnlyForDeploymentPostprocessing = 0;
		};
/* End PBXResourcesBuildPhase section */

/* Begin PBXShellScriptBuildPhase section */
		47D47B4983AC60BDBFF75344 /* [CP] Check Pods Manifest.lock */ = {
			isa = PBXShellScriptBuildPhase;
			buildActionMask = 2147483647;
			files = (
			);
			inputFileListPaths = (
			);
			inputPaths = (
				"${PODS_PODFILE_DIR_PATH}/Podfile.lock",
				"${PODS_ROOT}/Manifest.lock",
			);
			name = "[CP] Check Pods Manifest.lock";
			outputFileListPaths = (
			);
			outputPaths = (
				"$(DERIVED_FILE_DIR)/Pods-WristNews-WristNews Watch AppUITests-checkManifestLockResult.txt",
			);
			runOnlyForDeploymentPostprocessing = 0;
			shellPath = /bin/sh;
			shellScript = "diff \"${PODS_PODFILE_DIR_PATH}/Podfile.lock\" \"${PODS_ROOT}/Manifest.lock\" > /dev/null\nif [ $? != 0 ] ; then\n    # print error to STDERR\n    echo \"error: The sandbox is not in sync with the Podfile.lock. Run 'pod install' or update your CocoaPods installation.\" >&2\n    exit 1\nfi\n# This output is used by Xcode 'outputs' to avoid re-running this script phase.\necho \"SUCCESS\" > \"${SCRIPT_OUTPUT_FILE_0}\"\n";
			showEnvVarsInLog = 0;
		};
		8BE5629F304A05B4951A9A31 /* [CP] Check Pods Manifest.lock */ = {
			isa = PBXShellScriptBuildPhase;
			buildActionMask = 2147483647;
			files = (
			);
			inputFileListPaths = (
			);
			inputPaths = (
				"${PODS_PODFILE_DIR_PATH}/Podfile.lock",
				"${PODS_ROOT}/Manifest.lock",
			);
			name = "[CP] Check Pods Manifest.lock";
			outputFileListPaths = (
			);
			outputPaths = (
				"$(DERIVED_FILE_DIR)/Pods-WristNews Watch AppTests-checkManifestLockResult.txt",
			);
			runOnlyForDeploymentPostprocessing = 0;
			shellPath = /bin/sh;
			shellScript = "diff \"${PODS_PODFILE_DIR_PATH}/Podfile.lock\" \"${PODS_ROOT}/Manifest.lock\" > /dev/null\nif [ $? != 0 ] ; then\n    # print error to STDERR\n    echo \"error: The sandbox is not in sync with the Podfile.lock. Run 'pod install' or update your CocoaPods installation.\" >&2\n    exit 1\nfi\n# This output is used by Xcode 'outputs' to avoid re-running this script phase.\necho \"SUCCESS\" > \"${SCRIPT_OUTPUT_FILE_0}\"\n";
			showEnvVarsInLog = 0;
		};
		95772B65D4088FE0B23EA7F3 /* [CP] Check Pods Manifest.lock */ = {
			isa = PBXShellScriptBuildPhase;
			buildActionMask = 2147483647;
			files = (
			);
			inputFileListPaths = (
			);
			inputPaths = (
				"${PODS_PODFILE_DIR_PATH}/Podfile.lock",
				"${PODS_ROOT}/Manifest.lock",
			);
			name = "[CP] Check Pods Manifest.lock";
			outputFileListPaths = (
			);
			outputPaths = (
				"$(DERIVED_FILE_DIR)/Pods-WristNews Watch App-checkManifestLockResult.txt",
			);
			runOnlyForDeploymentPostprocessing = 0;
			shellPath = /bin/sh;
			shellScript = "diff \"${PODS_PODFILE_DIR_PATH}/Podfile.lock\" \"${PODS_ROOT}/Manifest.lock\" > /dev/null\nif [ $? != 0 ] ; then\n    # print error to STDERR\n    echo \"error: The sandbox is not in sync with the Podfile.lock. Run 'pod install' or update your CocoaPods installation.\" >&2\n    exit 1\nfi\n# This output is used by Xcode 'outputs' to avoid re-running this script phase.\necho \"SUCCESS\" > \"${SCRIPT_OUTPUT_FILE_0}\"\n";
			showEnvVarsInLog = 0;
		};
/* End PBXShellScriptBuildPhase section */

/* Begin PBXSourcesBuildPhase section */
		E3F716AF2A48A38B0058CC26 /* Sources */ = {
			isa = PBXSourcesBuildPhase;
			buildActionMask = 2147483647;
			files = (
				E3C560412A49EF9B00F5B953 /* ArticleRow.swift in Sources */,
				E3F716EB2A48A4720058CC26 /* Article.swift in Sources */,
				E3C560442A49F14D00F5B953 /* ArticleFetcher.swift in Sources */,
				E3F716E72A48A4390058CC26 /* ArticlesView.swift in Sources */,
				E3C560462A49F83E00F5B953 /* ArticleDetail.swift in Sources */,
				E3F716BB2A48A38B0058CC26 /* ContentView.swift in Sources */,
				E3F716B92A48A38B0058CC26 /* WristNewsApp.swift in Sources */,
			);
			runOnlyForDeploymentPostprocessing = 0;
		};
		E3F716C12A48A38C0058CC26 /* Sources */ = {
			isa = PBXSourcesBuildPhase;
			buildActionMask = 2147483647;
			files = (
				E3F716CA2A48A38C0058CC26 /* WristNews_Watch_AppTests.swift in Sources */,
			);
			runOnlyForDeploymentPostprocessing = 0;
		};
		E3F716CB2A48A38C0058CC26 /* Sources */ = {
			isa = PBXSourcesBuildPhase;
			buildActionMask = 2147483647;
			files = (
				E3F716D42A48A38C0058CC26 /* WristNews_Watch_AppUITests.swift in Sources */,
				E3F716D62A48A38C0058CC26 /* WristNews_Watch_AppUITestsLaunchTests.swift in Sources */,
			);
			runOnlyForDeploymentPostprocessing = 0;
		};
/* End PBXSourcesBuildPhase section */

/* Begin PBXTargetDependency section */
		E3F716C72A48A38C0058CC26 /* PBXTargetDependency */ = {
			isa = PBXTargetDependency;
			target = E3F716B22A48A38B0058CC26 /* WristNews Watch App */;
			targetProxy = E3F716C62A48A38C0058CC26 /* PBXContainerItemProxy */;
		};
		E3F716D12A48A38C0058CC26 /* PBXTargetDependency */ = {
			isa = PBXTargetDependency;
			target = E3F716B22A48A38B0058CC26 /* WristNews Watch App */;
			targetProxy = E3F716D02A48A38C0058CC26 /* PBXContainerItemProxy */;
		};
/* End PBXTargetDependency section */

/* Begin XCBuildConfiguration section */
		E3F716D72A48A38C0058CC26 /* Debug */ = {
			isa = XCBuildConfiguration;
			buildSettings = {
				ALWAYS_SEARCH_USER_PATHS = NO;
				CLANG_ANALYZER_NONNULL = YES;
				CLANG_ANALYZER_NUMBER_OBJECT_CONVERSION = YES_AGGRESSIVE;
				CLANG_CXX_LANGUAGE_STANDARD = "gnu++20";
				CLANG_ENABLE_MODULES = YES;
				CLANG_ENABLE_OBJC_ARC = YES;
				CLANG_ENABLE_OBJC_WEAK = YES;
				CLANG_WARN_BLOCK_CAPTURE_AUTORELEASING = YES;
				CLANG_WARN_BOOL_CONVERSION = YES;
				CLANG_WARN_COMMA = YES;
				CLANG_WARN_CONSTANT_CONVERSION = YES;
				CLANG_WARN_DEPRECATED_OBJC_IMPLEMENTATIONS = YES;
				CLANG_WARN_DIRECT_OBJC_ISA_USAGE = YES_ERROR;
				CLANG_WARN_DOCUMENTATION_COMMENTS = YES;
				CLANG_WARN_EMPTY_BODY = YES;
				CLANG_WARN_ENUM_CONVERSION = YES;
				CLANG_WARN_INFINITE_RECURSION = YES;
				CLANG_WARN_INT_CONVERSION = YES;
				CLANG_WARN_NON_LITERAL_NULL_CONVERSION = YES;
				CLANG_WARN_OBJC_IMPLICIT_RETAIN_SELF = YES;
				CLANG_WARN_OBJC_LITERAL_CONVERSION = YES;
				CLANG_WARN_OBJC_ROOT_CLASS = YES_ERROR;
				CLANG_WARN_QUOTED_INCLUDE_IN_FRAMEWORK_HEADER = YES;
				CLANG_WARN_RANGE_LOOP_ANALYSIS = YES;
				CLANG_WARN_STRICT_PROTOTYPES = YES;
				CLANG_WARN_SUSPICIOUS_MOVE = YES;
				CLANG_WARN_UNGUARDED_AVAILABILITY = YES_AGGRESSIVE;
				CLANG_WARN_UNREACHABLE_CODE = YES;
				CLANG_WARN__DUPLICATE_METHOD_MATCH = YES;
				COPY_PHASE_STRIP = NO;
				DEBUG_INFORMATION_FORMAT = dwarf;
				ENABLE_STRICT_OBJC_MSGSEND = YES;
				ENABLE_TESTABILITY = YES;
				GCC_C_LANGUAGE_STANDARD = gnu11;
				GCC_DYNAMIC_NO_PIC = NO;
				GCC_NO_COMMON_BLOCKS = YES;
				GCC_OPTIMIZATION_LEVEL = 0;
				GCC_PREPROCESSOR_DEFINITIONS = (
					"DEBUG=1",
					"$(inherited)",
				);
				GCC_WARN_64_TO_32_BIT_CONVERSION = YES;
				GCC_WARN_ABOUT_RETURN_TYPE = YES_ERROR;
				GCC_WARN_UNDECLARED_SELECTOR = YES;
				GCC_WARN_UNINITIALIZED_AUTOS = YES_AGGRESSIVE;
				GCC_WARN_UNUSED_FUNCTION = YES;
				GCC_WARN_UNUSED_VARIABLE = YES;
				MTL_ENABLE_DEBUG_INFO = INCLUDE_SOURCE;
				MTL_FAST_MATH = YES;
				ONLY_ACTIVE_ARCH = YES;
				SWIFT_ACTIVE_COMPILATION_CONDITIONS = DEBUG;
				SWIFT_OPTIMIZATION_LEVEL = "-Onone";
			};
			name = Debug;
		};
		E3F716D82A48A38C0058CC26 /* Release */ = {
			isa = XCBuildConfiguration;
			buildSettings = {
				ALWAYS_SEARCH_USER_PATHS = NO;
				CLANG_ANALYZER_NONNULL = YES;
				CLANG_ANALYZER_NUMBER_OBJECT_CONVERSION = YES_AGGRESSIVE;
				CLANG_CXX_LANGUAGE_STANDARD = "gnu++20";
				CLANG_ENABLE_MODULES = YES;
				CLANG_ENABLE_OBJC_ARC = YES;
				CLANG_ENABLE_OBJC_WEAK = YES;
				CLANG_WARN_BLOCK_CAPTURE_AUTORELEASING = YES;
				CLANG_WARN_BOOL_CONVERSION = YES;
				CLANG_WARN_COMMA = YES;
				CLANG_WARN_CONSTANT_CONVERSION = YES;
				CLANG_WARN_DEPRECATED_OBJC_IMPLEMENTATIONS = YES;
				CLANG_WARN_DIRECT_OBJC_ISA_USAGE = YES_ERROR;
				CLANG_WARN_DOCUMENTATION_COMMENTS = YES;
				CLANG_WARN_EMPTY_BODY = YES;
				CLANG_WARN_ENUM_CONVERSION = YES;
				CLANG_WARN_INFINITE_RECURSION = YES;
				CLANG_WARN_INT_CONVERSION = YES;
				CLANG_WARN_NON_LITERAL_NULL_CONVERSION = YES;
				CLANG_WARN_OBJC_IMPLICIT_RETAIN_SELF = YES;
				CLANG_WARN_OBJC_LITERAL_CONVERSION = YES;
				CLANG_WARN_OBJC_ROOT_CLASS = YES_ERROR;
				CLANG_WARN_QUOTED_INCLUDE_IN_FRAMEWORK_HEADER = YES;
				CLANG_WARN_RANGE_LOOP_ANALYSIS = YES;
				CLANG_WARN_STRICT_PROTOTYPES = YES;
				CLANG_WARN_SUSPICIOUS_MOVE = YES;
				CLANG_WARN_UNGUARDED_AVAILABILITY = YES_AGGRESSIVE;
				CLANG_WARN_UNREACHABLE_CODE = YES;
				CLANG_WARN__DUPLICATE_METHOD_MATCH = YES;
				COPY_PHASE_STRIP = NO;
				DEBUG_INFORMATION_FORMAT = "dwarf-with-dsym";
				ENABLE_NS_ASSERTIONS = NO;
				ENABLE_STRICT_OBJC_MSGSEND = YES;
				GCC_C_LANGUAGE_STANDARD = gnu11;
				GCC_NO_COMMON_BLOCKS = YES;
				GCC_WARN_64_TO_32_BIT_CONVERSION = YES;
				GCC_WARN_ABOUT_RETURN_TYPE = YES_ERROR;
				GCC_WARN_UNDECLARED_SELECTOR = YES;
				GCC_WARN_UNINITIALIZED_AUTOS = YES_AGGRESSIVE;
				GCC_WARN_UNUSED_FUNCTION = YES;
				GCC_WARN_UNUSED_VARIABLE = YES;
				MTL_ENABLE_DEBUG_INFO = NO;
				MTL_FAST_MATH = YES;
				SWIFT_COMPILATION_MODE = wholemodule;
				SWIFT_OPTIMIZATION_LEVEL = "-O";
			};
			name = Release;
		};
		E3F716DA2A48A38C0058CC26 /* Debug */ = {
			isa = XCBuildConfiguration;
			baseConfigurationReference = B3DFC29CE4A0FD7FE2C553FE /* Pods-WristNews Watch App.debug.xcconfig */;
			buildSettings = {
				ASSETCATALOG_COMPILER_APPICON_NAME = AppIcon;
				ASSETCATALOG_COMPILER_GLOBAL_ACCENT_COLOR_NAME = AccentColor;
				CODE_SIGN_STYLE = Automatic;
				CURRENT_PROJECT_VERSION = 1;
				DEVELOPMENT_ASSET_PATHS = "\"WristNews Watch App/Preview Content\"";
				DEVELOPMENT_TEAM = 5348XZ3NED;
				ENABLE_PREVIEWS = YES;
				GENERATE_INFOPLIST_FILE = YES;
				INFOPLIST_KEY_CFBundleDisplayName = WristNews;
				INFOPLIST_KEY_UISupportedInterfaceOrientations = "UIInterfaceOrientationPortrait UIInterfaceOrientationPortraitUpsideDown";
				INFOPLIST_KEY_WKWatchOnly = YES;
				LD_RUNPATH_SEARCH_PATHS = (
					"$(inherited)",
					"@executable_path/Frameworks",
				);
				MARKETING_VERSION = 1.0;
				PRODUCT_BUNDLE_IDENTIFIER = com.position.apps.WristNews.watchkitapp;
				PRODUCT_NAME = "$(TARGET_NAME)";
				SDKROOT = watchos;
				SKIP_INSTALL = YES;
				SWIFT_EMIT_LOC_STRINGS = YES;
				SWIFT_VERSION = 5.0;
				TARGETED_DEVICE_FAMILY = 4;
				WATCHOS_DEPLOYMENT_TARGET = 9.4;
			};
			name = Debug;
		};
		E3F716DB2A48A38C0058CC26 /* Release */ = {
			isa = XCBuildConfiguration;
			baseConfigurationReference = B286B68558E0418A2BDD7938 /* Pods-WristNews Watch App.release.xcconfig */;
			buildSettings = {
				ASSETCATALOG_COMPILER_APPICON_NAME = AppIcon;
				ASSETCATALOG_COMPILER_GLOBAL_ACCENT_COLOR_NAME = AccentColor;
				CODE_SIGN_STYLE = Automatic;
				CURRENT_PROJECT_VERSION = 1;
				DEVELOPMENT_ASSET_PATHS = "\"WristNews Watch App/Preview Content\"";
				DEVELOPMENT_TEAM = 5348XZ3NED;
				ENABLE_PREVIEWS = YES;
				GENERATE_INFOPLIST_FILE = YES;
				INFOPLIST_KEY_CFBundleDisplayName = WristNews;
				INFOPLIST_KEY_UISupportedInterfaceOrientations = "UIInterfaceOrientationPortrait UIInterfaceOrientationPortraitUpsideDown";
				INFOPLIST_KEY_WKWatchOnly = YES;
				LD_RUNPATH_SEARCH_PATHS = (
					"$(inherited)",
					"@executable_path/Frameworks",
				);
				MARKETING_VERSION = 1.0;
				PRODUCT_BUNDLE_IDENTIFIER = com.position.apps.WristNews.watchkitapp;
				PRODUCT_NAME = "$(TARGET_NAME)";
				SDKROOT = watchos;
				SKIP_INSTALL = YES;
				SWIFT_EMIT_LOC_STRINGS = YES;
				SWIFT_VERSION = 5.0;
				TARGETED_DEVICE_FAMILY = 4;
				VALIDATE_PRODUCT = YES;
				WATCHOS_DEPLOYMENT_TARGET = 9.4;
			};
			name = Release;
		};
		E3F716E12A48A38C0058CC26 /* Debug */ = {
			isa = XCBuildConfiguration;
			baseConfigurationReference = 29078B35F89C7CDFE8C84983 /* Pods-WristNews Watch AppTests.debug.xcconfig */;
			buildSettings = {
				ALWAYS_EMBED_SWIFT_STANDARD_LIBRARIES = YES;
				BUNDLE_LOADER = "$(TEST_HOST)";
				CODE_SIGN_STYLE = Automatic;
				CURRENT_PROJECT_VERSION = 1;
				DEVELOPMENT_TEAM = 5348XZ3NED;
				GENERATE_INFOPLIST_FILE = YES;
				MARKETING_VERSION = 1.0;
				PRODUCT_BUNDLE_IDENTIFIER = "com.position.apps.WristNews-Watch-AppTests";
				PRODUCT_NAME = "$(TARGET_NAME)";
				SDKROOT = watchos;
				SWIFT_EMIT_LOC_STRINGS = NO;
				SWIFT_VERSION = 5.0;
				TARGETED_DEVICE_FAMILY = 4;
				TEST_HOST = "$(BUILT_PRODUCTS_DIR)/WristNews Watch App.app/$(BUNDLE_EXECUTABLE_FOLDER_PATH)/WristNews Watch App";
				WATCHOS_DEPLOYMENT_TARGET = 9.4;
			};
			name = Debug;
		};
		E3F716E22A48A38C0058CC26 /* Release */ = {
			isa = XCBuildConfiguration;
			baseConfigurationReference = B2ECF6C048ECD43C2E330C00 /* Pods-WristNews Watch AppTests.release.xcconfig */;
			buildSettings = {
				ALWAYS_EMBED_SWIFT_STANDARD_LIBRARIES = YES;
				BUNDLE_LOADER = "$(TEST_HOST)";
				CODE_SIGN_STYLE = Automatic;
				CURRENT_PROJECT_VERSION = 1;
				DEVELOPMENT_TEAM = 5348XZ3NED;
				GENERATE_INFOPLIST_FILE = YES;
				MARKETING_VERSION = 1.0;
				PRODUCT_BUNDLE_IDENTIFIER = "com.position.apps.WristNews-Watch-AppTests";
				PRODUCT_NAME = "$(TARGET_NAME)";
				SDKROOT = watchos;
				SWIFT_EMIT_LOC_STRINGS = NO;
				SWIFT_VERSION = 5.0;
				TARGETED_DEVICE_FAMILY = 4;
				TEST_HOST = "$(BUILT_PRODUCTS_DIR)/WristNews Watch App.app/$(BUNDLE_EXECUTABLE_FOLDER_PATH)/WristNews Watch App";
				VALIDATE_PRODUCT = YES;
				WATCHOS_DEPLOYMENT_TARGET = 9.4;
			};
			name = Release;
		};
		E3F716E42A48A38C0058CC26 /* Debug */ = {
			isa = XCBuildConfiguration;
			baseConfigurationReference = 1F7C9EB424DE3A3A51D891FB /* Pods-WristNews-WristNews Watch AppUITests.debug.xcconfig */;
			buildSettings = {
				ALWAYS_EMBED_SWIFT_STANDARD_LIBRARIES = YES;
				CODE_SIGN_STYLE = Automatic;
				CURRENT_PROJECT_VERSION = 1;
				DEVELOPMENT_TEAM = 5348XZ3NED;
				GENERATE_INFOPLIST_FILE = YES;
				MARKETING_VERSION = 1.0;
				PRODUCT_BUNDLE_IDENTIFIER = "com.position.apps.WristNews-Watch-AppUITests";
				PRODUCT_NAME = "$(TARGET_NAME)";
				SDKROOT = watchos;
				SWIFT_EMIT_LOC_STRINGS = NO;
				SWIFT_VERSION = 5.0;
				TARGETED_DEVICE_FAMILY = 4;
				TEST_TARGET_NAME = "WristNews Watch App";
				WATCHOS_DEPLOYMENT_TARGET = 9.4;
			};
			name = Debug;
		};
		E3F716E52A48A38C0058CC26 /* Release */ = {
			isa = XCBuildConfiguration;
			baseConfigurationReference = 958F7131D511845385BF2215 /* Pods-WristNews-WristNews Watch AppUITests.release.xcconfig */;
			buildSettings = {
				ALWAYS_EMBED_SWIFT_STANDARD_LIBRARIES = YES;
				CODE_SIGN_STYLE = Automatic;
				CURRENT_PROJECT_VERSION = 1;
				DEVELOPMENT_TEAM = 5348XZ3NED;
				GENERATE_INFOPLIST_FILE = YES;
				MARKETING_VERSION = 1.0;
				PRODUCT_BUNDLE_IDENTIFIER = "com.position.apps.WristNews-Watch-AppUITests";
				PRODUCT_NAME = "$(TARGET_NAME)";
				SDKROOT = watchos;
				SWIFT_EMIT_LOC_STRINGS = NO;
				SWIFT_VERSION = 5.0;
				TARGETED_DEVICE_FAMILY = 4;
				TEST_TARGET_NAME = "WristNews Watch App";
				VALIDATE_PRODUCT = YES;
				WATCHOS_DEPLOYMENT_TARGET = 9.4;
			};
			name = Release;
		};
/* End XCBuildConfiguration section */

/* Begin XCConfigurationList section */
		E3F716AA2A48A38B0058CC26 /* Build configuration list for PBXProject "WristNews" */ = {
			isa = XCConfigurationList;
			buildConfigurations = (
				E3F716D72A48A38C0058CC26 /* Debug */,
				E3F716D82A48A38C0058CC26 /* Release */,
			);
			defaultConfigurationIsVisible = 0;
			defaultConfigurationName = Release;
		};
		E3F716D92A48A38C0058CC26 /* Build configuration list for PBXNativeTarget "WristNews Watch App" */ = {
			isa = XCConfigurationList;
			buildConfigurations = (
				E3F716DA2A48A38C0058CC26 /* Debug */,
				E3F716DB2A48A38C0058CC26 /* Release */,
			);
			defaultConfigurationIsVisible = 0;
			defaultConfigurationName = Release;
		};
		E3F716E02A48A38C0058CC26 /* Build configuration list for PBXNativeTarget "WristNews Watch AppTests" */ = {
			isa = XCConfigurationList;
			buildConfigurations = (
				E3F716E12A48A38C0058CC26 /* Debug */,
				E3F716E22A48A38C0058CC26 /* Release */,
			);
			defaultConfigurationIsVisible = 0;
			defaultConfigurationName = Release;
		};
		E3F716E32A48A38C0058CC26 /* Build configuration list for PBXNativeTarget "WristNews Watch AppUITests" */ = {
			isa = XCConfigurationList;
			buildConfigurations = (
				E3F716E42A48A38C0058CC26 /* Debug */,
				E3F716E52A48A38C0058CC26 /* Release */,
			);
			defaultConfigurationIsVisible = 0;
			defaultConfigurationName = Release;
		};
/* End XCConfigurationList section */
	};
	rootObject = E3F716A72A48A38B0058CC26 /* Project object */;
}
